
Microsoft Visual Studio Solution File, Format Version 12.00
# Visual Studio 15
Project("{FAE04EC0-301F-11D3-BF4B-00C04F79EFBC}") = "Assembly-CSharp-firstpass", "Assembly-CSharp-firstpass.csproj", "{8D780523-B900-DD68-DC26-3F1F01544C6F}"
EndProject
Project("{FAE04EC0-301F-11D3-BF4B-00C04F79EFBC}") = "Assembly-CSharp", "Assembly-CSharp.csproj", "{22A81E6A-014E-8615-CF4C-CEC079A570DD}"
EndProject
Project("{FAE04EC0-301F-11D3-BF4B-00C04F79EFBC}") = "Assembly-CSharp-Editor-firstpass", "Assembly-CSharp-Editor-firstpass.csproj", "{F3475BB6-EE74-85F9-0030-E20181BAEF9D}"
EndProject
Global
	GlobalSection(SolutionConfigurationPlatforms) = preSolution
		Debug|Any CPU = Debug|Any CPU
		Release|Any CPU = Release|Any CPU
	EndGlobalSection
	GlobalSection(ProjectConfigurationPlatforms) = postSolution
		{8D780523-B900-DD68-DC26-3F1F01544C6F}.Debug|Any CPU.ActiveCfg = Debug|Any CPU
		{8D780523-B900-DD68-DC26-3F1F01544C6F}.Debug|Any CPU.Build.0 = Debug|Any CPU
		{8D780523-B900-DD68-DC26-3F1F01544C6F}.Release|Any CPU.ActiveCfg = Release|Any CPU
		{8D780523-B900-DD68-DC26-3F1F01544C6F}.Release|Any CPU.Build.0 = Release|Any CPU
		{22A81E6A-014E-8615-CF4C-CEC079A570DD}.Debug|Any CPU.ActiveCfg = Debug|Any CPU
		{22A81E6A-014E-8615-CF4C-CEC079A570DD}.Debug|Any CPU.Build.0 = Debug|Any CPU
		{22A81E6A-014E-8615-CF4C-CEC079A570DD}.Release|Any CPU.ActiveCfg = Release|Any CPU
		{22A81E6A-014E-8615-CF4C-CEC079A570DD}.Release|Any CPU.Build.0 = Release|Any CPU
		{F3475BB6-EE74-85F9-0030-E20181BAEF9D}.Debug|Any CPU.ActiveCfg = Debug|Any CPU
		{F3475BB6-EE74-85F9-0030-E20181BAEF9D}.Debug|Any CPU.Build.0 = Debug|Any CPU
		{F3475BB6-EE74-85F9-0030-E20181BAEF9D}.Release|Any CPU.ActiveCfg = Release|Any CPU
		{F3475BB6-EE74-85F9-0030-E20181BAEF9D}.Release|Any CPU.Build.0 = Release|Any CPU
	EndGlobalSection
	GlobalSection(SolutionProperties) = preSolution
		HideSolutionNode = FALSE
	EndGlobalSection
EndGlobal
